# This file is automatically @generated by Cargo.
# It is not intended for manual editing.
version = 4

[[package]]
name = "thumbhash"
version = "0.1.0"
source = "registry+https://github.com/rust-lang/crates.io-index"
checksum = "8b7726e0245a7331bd0c9a1fb4fd99fd695bcd478ca569f0eda2ff2cb14e7a00"

[[package]]
name = "thumbhash_ffi"
version = "1.0.0"
dependencies = [
 "thumbhash",
]
